
Microsoft Visual Studio Solution File, Format Version 12.00
# Visual Studio Version 17
VisualStudioVersion = 17.11.35327.3
MinimumVisualStudioVersion = 10.0.40219.1
Project("{FAE04EC0-301F-11D3-BF4B-00C04F79EFBC}") = "ConsoleApp1", "ConsoleApp1\ConsoleApp1.csproj", "{F5F72C63-1759-47A8-ABA9-E71A71211F79}"
EndProject
Global
	GlobalSection(SolutionConfigurationPlatforms) = preSolution
		Debug|Any CPU = Debug|Any CPU
		Release|Any CPU = Release|Any CPU
	EndGlobalSection
	GlobalSection(ProjectConfigurationPlatforms) = postSolution
		{F5F72C63-1759-47A8-ABA9-E71A71211F79}.Debug|Any CPU.ActiveCfg = Debug|Any CPU
		{F5F72C63-1759-47A8-ABA9-E71A71211F79}.Debug|Any CPU.Build.0 = Debug|Any CPU
		{F5F72C63-1759-47A8-ABA9-E71A71211F79}.Release|Any CPU.ActiveCfg = Release|Any CPU
		{F5F72C63-1759-47A8-ABA9-E71A71211F79}.Release|Any CPU.Build.0 = Release|Any CPU
	EndGlobalSection
	GlobalSection(SolutionProperties) = preSolution
		HideSolutionNode = FALSE
	EndGlobalSection
	GlobalSection(ExtensibilityGlobals) = postSolution
		SolutionGuid = {A264BA04-0462-48A9-ACF0-EC127F821892}
	EndGlobalSection
EndGlobal
