
Microsoft Visual Studio Solution File, Format Version 12.00
# Visual Studio Version 17
VisualStudioVersion = 17.6.33723.286
MinimumVisualStudioVersion = 10.0.40219.1
Project("{FAE04EC0-301F-11D3-BF4B-00C04F79EFBC}") = "WinFormsApp4", "WinFormsApp4\WinFormsApp4.csproj", "{68FD0B3B-B7D4-44A9-8093-BA9B83E807DE}"
EndProject
Global
	GlobalSection(SolutionConfigurationPlatforms) = preSolution
		Debug|Any CPU = Debug|Any CPU
		Release|Any CPU = Release|Any CPU
	EndGlobalSection
	GlobalSection(ProjectConfigurationPlatforms) = postSolution
		{68FD0B3B-B7D4-44A9-8093-BA9B83E807DE}.Debug|Any CPU.ActiveCfg = Debug|Any CPU
		{68FD0B3B-B7D4-44A9-8093-BA9B83E807DE}.Debug|Any CPU.Build.0 = Debug|Any CPU
		{68FD0B3B-B7D4-44A9-8093-BA9B83E807DE}.Release|Any CPU.ActiveCfg = Release|Any CPU
		{68FD0B3B-B7D4-44A9-8093-BA9B83E807DE}.Release|Any CPU.Build.0 = Release|Any CPU
	EndGlobalSection
	GlobalSection(SolutionProperties) = preSolution
		HideSolutionNode = FALSE
	EndGlobalSection
	GlobalSection(ExtensibilityGlobals) = postSolution
		SolutionGuid = {861425AF-238F-47A4-8B1C-21D92B7BE74D}
	EndGlobalSection
EndGlobal
